<?xml version="1.0" encoding="utf-8"?>
<Project ToolsVersion="4.0" xmlns="http://schemas.microsoft.com/developer/msbuild/2003">
  <ItemGroup>
    <Filter Include="Source Files">
      <UniqueIdentifier>{4FC737F1-C7A5-4376-A066-2A32D752A2FF}</UniqueIdentifier>
      <Extensions>cpp;c;cc;cxx;def;odl;idl;hpj;bat;asm;asmx</Extensions>
    </Filter>
    <Filter Include="Header Files">
      <UniqueIdentifier>{93995380-89BD-4b04-88EB-625FBE52EBFB}</UniqueIdentifier>
      <Extensions>h;hh;hpp;hxx;hm;inl;inc;xsd</Extensions>
    </Filter>
    <Filter Include="Resource Files">
      <UniqueIdentifier>{67DA6AB6-F800-4c08-8B7A-83BB121AAD01}</UniqueIdentifier>
      <Extensions>rc;ico;cur;bmp;dlg;rc2;rct;bin;rgs;gif;jpg;jpeg;jpe;resx;tiff;tif;png;wav;mfcribbon-ms</Extensions>
    </Filter>
    <Filter Include="Header Files\Backbone">
      <UniqueIdentifier>{7a33d76a-0260-4bd3-93d9-4389e24db701}</UniqueIdentifier>
    </Filter>
    <Filter Include="Source Files\Backbone">
      <UniqueIdentifier>{58356b69-11b2-4ea1-b007-92b2ec78e8ea}</UniqueIdentifier>
    </Filter>
    <Filter Include="Header Files\Navigation">
      <UniqueIdentifier>{ef6f9179-4b56-4dfc-ad1f-d8ac627e56d8}</UniqueIdentifier>
    </Filter>
    <Filter Include="Source Files\Navigation">
      <UniqueIdentifier>{d6f78620-88b6-466f-b2f9-3dabfe9e4249}</UniqueIdentifier>
    </Filter>
    <Filter Include="Header Files\Utility">
      <UniqueIdentifier>{0f7956c7-df7a-4bc1-a521-1a8608f2be79}</UniqueIdentifier>
    </Filter>
    <Filter Include="Source Files\Utility">
      <UniqueIdentifier>{3e3acaed-1976-41c3-8bdc-a8515caaca27}</UniqueIdentifier>
    </Filter>
  </ItemGroup>
  <ItemGroup>
    <ClCompile Include="AnimatedSprite.cpp">
      <Filter>Source Files\Backbone</Filter>
    </ClCompile>
    <ClCompile Include="AnimationSet.cpp">
      <Filter>Source Files\Backbone</Filter>
    </ClCompile>
    <ClCompile Include="CompoundSprite.cpp">
      <Filter>Source Files\Backbone</Filter>
    </ClCompile>
    <ClCompile Include="GameRegion.cpp">
      <Filter>Source Files\Backbone</Filter>
    </ClCompile>
    <ClCompile Include="GameWorldAnchor.cpp">
      <Filter>Source Files\Backbone</Filter>
    </ClCompile>
    <ClCompile Include="GameWorldAnimatedSprite.cpp">
      <Filter>Source Files\Backbone</Filter>
    </ClCompile>
    <ClCompile Include="GameWorldCompoundSprite2.cpp">
      <Filter>Source Files\Backbone</Filter>
    </ClCompile>
    <ClCompile Include="GameWorldObject.cpp">
      <Filter>Source Files\Backbone</Filter>
    </ClCompile>
    <ClCompile Include="GameWorldSprite.cpp">
      <Filter>Source Files\Backbone</Filter>
    </ClCompile>
    <ClCompile Include="main.cpp">
      <Filter>Source Files\Backbone</Filter>
    </ClCompile>
    <ClCompile Include="NavigationGrid.cpp">
      <Filter>Source Files\Navigation</Filter>
    </ClCompile>
    <ClCompile Include="NavigationNode.cpp">
      <Filter>Source Files\Navigation</Filter>
    </ClCompile>
    <ClCompile Include="PathFinder.cpp">
      <Filter>Source Files\Navigation</Filter>
    </ClCompile>
  </ItemGroup>
  <ItemGroup>
    <ClInclude Include="AnimatedSprite.h">
      <Filter>Header Files\Backbone</Filter>
    </ClInclude>
    <ClInclude Include="AnimationSet.h">
      <Filter>Header Files\Backbone</Filter>
    </ClInclude>
    <ClInclude Include="CompoundSprite.h">
      <Filter>Header Files\Backbone</Filter>
    </ClInclude>
    <ClInclude Include="DebugIncludes.h">
      <Filter>Header Files\Backbone</Filter>
    </ClInclude>
    <ClInclude Include="GameRegion.h">
      <Filter>Header Files\Backbone</Filter>
    </ClInclude>
    <ClInclude Include="GameWorldAnchor.h">
      <Filter>Header Files\Backbone</Filter>
    </ClInclude>
    <ClInclude Include="GameWorldAnimatedSprite.h">
      <Filter>Header Files\Backbone</Filter>
    </ClInclude>
    <ClInclude Include="GameWorldCompoundSprite2.h">
      <Filter>Header Files\Backbone</Filter>
    </ClInclude>
    <ClInclude Include="GameWorldObject.h">
      <Filter>Header Files\Backbone</Filter>
    </ClInclude>
    <ClInclude Include="GameWorldSprite.h">
      <Filter>Header Files\Backbone</Filter>
    </ClInclude>
    <ClInclude Include="Updatable.h">
      <Filter>Header Files\Backbone</Filter>
    </ClInclude>
    <ClInclude Include="NavigationNode.h">
      <Filter>Header Files\Navigation</Filter>
    </ClInclude>
    <ClInclude Include="NavigationGrid.h">
      <Filter>Header Files\Navigation</Filter>
    </ClInclude>
    <ClInclude Include="PathFinder.h">
      <Filter>Header Files\Navigation</Filter>
    </ClInclude>
    <ClInclude Include="Point2D.h">
      <Filter>Header Files\Backbone</Filter>
    </ClInclude>
    <ClInclude Include="Array3D.h">
      <Filter>Header Files\Utility</Filter>
    </ClInclude>
  </ItemGroup>
  <ItemGroup>
    <None Include="ClassDiagram.cd" />
  </ItemGroup>
</Project>