<?xml version="1.0" encoding="utf-8"?>
<Project ToolsVersion="4.0" xmlns="http://schemas.microsoft.com/developer/msbuild/2003">
  <ItemGroup>
    <Filter Include="Source Files">
      <UniqueIdentifier>{4FC737F1-C7A5-4376-A066-2A32D752A2FF}</UniqueIdentifier>
      <Extensions>cpp;c;cc;cxx;def;odl;idl;hpj;bat;asm;asmx</Extensions>
    </Filter>
    <Filter Include="Header Files">
      <UniqueIdentifier>{93995380-89BD-4b04-88EB-625FBE52EBFB}</UniqueIdentifier>
      <Extensions>h;hh;hpp;hxx;hm;inl;inc;xsd</Extensions>
    </Filter>
    <Filter Include="Resource Files">
      <UniqueIdentifier>{67DA6AB6-F800-4c08-8B7A-83BB121AAD01}</UniqueIdentifier>
      <Extensions>rc;ico;cur;bmp;dlg;rc2;rct;bin;rgs;gif;jpg;jpeg;jpe;resx;tiff;tif;png;wav;mfcribbon-ms</Extensions>
    </Filter>
    <Filter Include="Header Files\Backbone">
      <UniqueIdentifier>{b9090c40-1eb2-47ff-9d79-84cc3c880608}</UniqueIdentifier>
    </Filter>
    <Filter Include="Header Files\Util">
      <UniqueIdentifier>{d2ca4885-765e-4ba5-a3e1-e4984fb1b020}</UniqueIdentifier>
    </Filter>
    <Filter Include="Header Files\Navigation">
      <UniqueIdentifier>{5b02727c-f822-4816-bdfc-950c731b8da5}</UniqueIdentifier>
    </Filter>
    <Filter Include="Source Files\Backbone">
      <UniqueIdentifier>{f457098a-b316-41cb-8733-e1fd97dd38f8}</UniqueIdentifier>
    </Filter>
    <Filter Include="Source Files\Navigation">
      <UniqueIdentifier>{e0980832-c84e-4987-993b-7510092fc4a7}</UniqueIdentifier>
    </Filter>
    <Filter Include="Source Files\Util">
      <UniqueIdentifier>{a688d4cd-4ede-47cb-bbe3-a53ca5725fd8}</UniqueIdentifier>
    </Filter>
    <Filter Include="Source Files\Demo">
      <UniqueIdentifier>{dbdefe6c-d59a-4f27-8b5a-d5ec14bceb80}</UniqueIdentifier>
    </Filter>
    <Filter Include="Header Files\Demo">
      <UniqueIdentifier>{71e2a719-18d5-4692-8dbb-db3db5874349}</UniqueIdentifier>
    </Filter>
  </ItemGroup>
  <ItemGroup>
    <ClInclude Include="AnimatedSprite.h">
      <Filter>Header Files\Backbone</Filter>
    </ClInclude>
    <ClInclude Include="AnimationSet.h">
      <Filter>Header Files\Backbone</Filter>
    </ClInclude>
    <ClInclude Include="CompoundSprite.h">
      <Filter>Header Files\Backbone</Filter>
    </ClInclude>
    <ClInclude Include="GameRegion.h">
      <Filter>Header Files\Backbone</Filter>
    </ClInclude>
    <ClInclude Include="Updatable.h">
      <Filter>Header Files\Backbone</Filter>
    </ClInclude>
    <ClInclude Include="Array3D.h">
      <Filter>Header Files\Util</Filter>
    </ClInclude>
    <ClInclude Include="DebugIncludes.h">
      <Filter>Header Files\Util</Filter>
    </ClInclude>
    <ClInclude Include="DllUtil.h">
      <Filter>Header Files\Util</Filter>
    </ClInclude>
    <ClInclude Include="Point2D.h">
      <Filter>Header Files\Util</Filter>
    </ClInclude>
    <ClInclude Include="stdafx.h">
      <Filter>Header Files\Util</Filter>
    </ClInclude>
    <ClInclude Include="targetver.h">
      <Filter>Header Files\Util</Filter>
    </ClInclude>
    <ClInclude Include="PathFinder.h">
      <Filter>Header Files\Navigation</Filter>
    </ClInclude>
    <ClInclude Include="PathRequest.h">
      <Filter>Header Files\Navigation</Filter>
    </ClInclude>
    <ClInclude Include="UtilMath.h">
      <Filter>Header Files\Util</Filter>
    </ClInclude>
    <ClInclude Include="Array2D.h">
      <Filter>Header Files\Util</Filter>
    </ClInclude>
    <ClInclude Include="NavigationGridData.h">
      <Filter>Header Files\Navigation</Filter>
    </ClInclude>
    <ClInclude Include="NavigationDemoRegion.h">
      <Filter>Header Files\Demo</Filter>
    </ClInclude>
    <ClInclude Include="BackboneBaseExceptions.h">
      <Filter>Header Files\Backbone</Filter>
    </ClInclude>
    <ClInclude Include="Cluster.h">
      <Filter>Header Files\Backbone</Filter>
    </ClInclude>
  </ItemGroup>
  <ItemGroup>
    <ClCompile Include="AnimatedSprite.cpp">
      <Filter>Source Files\Backbone</Filter>
    </ClCompile>
    <ClCompile Include="AnimationSet.cpp">
      <Filter>Source Files\Backbone</Filter>
    </ClCompile>
    <ClCompile Include="CompoundSprite.cpp">
      <Filter>Source Files\Backbone</Filter>
    </ClCompile>
    <ClCompile Include="GameRegion.cpp">
      <Filter>Source Files\Backbone</Filter>
    </ClCompile>
    <ClCompile Include="PathFinder.cpp">
      <Filter>Source Files\Navigation</Filter>
    </ClCompile>
    <ClCompile Include="dllmain.cpp">
      <Filter>Source Files\Util</Filter>
    </ClCompile>
    <ClCompile Include="stdafx.cpp">
      <Filter>Source Files\Util</Filter>
    </ClCompile>
    <ClCompile Include="NavigationDemoRegion.cpp">
      <Filter>Source Files\Demo</Filter>
    </ClCompile>
  </ItemGroup>
  <ItemGroup>
    <Text Include="ReadMe.txt">
      <Filter>Source Files\Util</Filter>
    </Text>
  </ItemGroup>
</Project>