
Microsoft Visual Studio Solution File, Format Version 12.00
# Visual Studio 14
VisualStudioVersion = 14.0.25420.1
MinimumVisualStudioVersion = 10.0.40219.1
Project("{8BC9CEB8-8B4A-11D0-8D11-00A0C91BC942}") = "GameBackboneExe", "GameBackboneExe\GameBackboneExe.vcxproj", "{B7056FFF-CA6C-4539-A149-1330C7BF4AFB}"
EndProject
Project("{8BC9CEB8-8B4A-11D0-8D11-00A0C91BC942}") = "GameBackboneTests", "GameBackboneTests\GameBackboneTests.vcxproj", "{D7165148-FE44-4339-818F-97C4FE737A74}"
EndProject
Project("{8BC9CEB8-8B4A-11D0-8D11-00A0C91BC942}") = "GameBackboneDll", "GameBackboneDll\GameBackboneDll.vcxproj", "{A9D0E80D-4090-4283-BAF6-F86685A65D8A}"
EndProject
Global
	GlobalSection(SolutionConfigurationPlatforms) = preSolution
		Debug|x64 = Debug|x64
		Debug|x86 = Debug|x86
		Release|x64 = Release|x64
		Release|x86 = Release|x86
	EndGlobalSection
	GlobalSection(ProjectConfigurationPlatforms) = postSolution
		{B7056FFF-CA6C-4539-A149-1330C7BF4AFB}.Debug|x64.ActiveCfg = Debug|x64
		{B7056FFF-CA6C-4539-A149-1330C7BF4AFB}.Debug|x64.Build.0 = Debug|x64
		{B7056FFF-CA6C-4539-A149-1330C7BF4AFB}.Debug|x86.ActiveCfg = Debug|Win32
		{B7056FFF-CA6C-4539-A149-1330C7BF4AFB}.Debug|x86.Build.0 = Debug|Win32
		{B7056FFF-CA6C-4539-A149-1330C7BF4AFB}.Release|x64.ActiveCfg = Release|x64
		{B7056FFF-CA6C-4539-A149-1330C7BF4AFB}.Release|x64.Build.0 = Release|x64
		{B7056FFF-CA6C-4539-A149-1330C7BF4AFB}.Release|x86.ActiveCfg = Release|Win32
		{B7056FFF-CA6C-4539-A149-1330C7BF4AFB}.Release|x86.Build.0 = Release|Win32
		{D7165148-FE44-4339-818F-97C4FE737A74}.Debug|x64.ActiveCfg = Debug|x64
		{D7165148-FE44-4339-818F-97C4FE737A74}.Debug|x64.Build.0 = Debug|x64
		{D7165148-FE44-4339-818F-97C4FE737A74}.Debug|x86.ActiveCfg = Debug|Win32
		{D7165148-FE44-4339-818F-97C4FE737A74}.Debug|x86.Build.0 = Debug|Win32
		{D7165148-FE44-4339-818F-97C4FE737A74}.Release|x64.ActiveCfg = Release|x64
		{D7165148-FE44-4339-818F-97C4FE737A74}.Release|x64.Build.0 = Release|x64
		{D7165148-FE44-4339-818F-97C4FE737A74}.Release|x86.ActiveCfg = Release|Win32
		{D7165148-FE44-4339-818F-97C4FE737A74}.Release|x86.Build.0 = Release|Win32
		{A9D0E80D-4090-4283-BAF6-F86685A65D8A}.Debug|x64.ActiveCfg = Debug|x64
		{A9D0E80D-4090-4283-BAF6-F86685A65D8A}.Debug|x64.Build.0 = Debug|x64
		{A9D0E80D-4090-4283-BAF6-F86685A65D8A}.Debug|x86.ActiveCfg = Debug|Win32
		{A9D0E80D-4090-4283-BAF6-F86685A65D8A}.Debug|x86.Build.0 = Debug|Win32
		{A9D0E80D-4090-4283-BAF6-F86685A65D8A}.Release|x64.ActiveCfg = Release|x64
		{A9D0E80D-4090-4283-BAF6-F86685A65D8A}.Release|x64.Build.0 = Release|x64
		{A9D0E80D-4090-4283-BAF6-F86685A65D8A}.Release|x86.ActiveCfg = Release|Win32
		{A9D0E80D-4090-4283-BAF6-F86685A65D8A}.Release|x86.Build.0 = Release|Win32
	EndGlobalSection
	GlobalSection(SolutionProperties) = preSolution
		HideSolutionNode = FALSE
	EndGlobalSection
EndGlobal
